// !$*UTF8*$!
{
	archiveVersion = 1;
	classes = {
	};
	objectVersion = 52;
	objects = {

/* Begin PBXBuildFile section */
		76041DB12736EB2100B32362 /* TalkSeriesList.json in Resources */ = {isa = PBXBuildFile; fileRef = 76041DB02736EB2100B32362 /* TalkSeriesList.json */; };
		76041DB32737008A00B32362 /* TalkSeries.swift in Sources */ = {isa = PBXBuildFile; fileRef = 76041DB22737008900B32362 /* TalkSeries.swift */; };
		760B461327630C61007ED1E0 /* XCTestCase.swift in Sources */ = {isa = PBXBuildFile; fileRef = 760B461227630C61007ED1E0 /* XCTestCase.swift */; };
		760B461527630CD1007ED1E0 /* MockURLProtocol.swift in Sources */ = {isa = PBXBuildFile; fileRef = 760B461427630CD1007ED1E0 /* MockURLProtocol.swift */; };
		760B46172763121F007ED1E0 /* TalkUserInfoMO.swift in Sources */ = {isa = PBXBuildFile; fileRef = 760B46162763121F007ED1E0 /* TalkUserInfoMO.swift */; };
		760B4619276317E6007ED1E0 /* FavoritesListView.swift in Sources */ = {isa = PBXBuildFile; fileRef = 760B4618276317E6007ED1E0 /* FavoritesListView.swift */; };
		760F8EA427A799A8007F8D9A /* DownloadJob.swift in Sources */ = {isa = PBXBuildFile; fileRef = 760F8EA327A799A8007F8D9A /* DownloadJob.swift */; };
		761218D12794DBCA00D548E5 /* AppSettings.swift in Sources */ = {isa = PBXBuildFile; fileRef = 761218D02794DBCA00D548E5 /* AppSettings.swift */; };
		761218D32794E5AF00D548E5 /* DependencyContainer.swift in Sources */ = {isa = PBXBuildFile; fileRef = 761218D22794E5AF00D548E5 /* DependencyContainer.swift */; };
		761218D62794E67600D548E5 /* MockDependencyContainer.swift in Sources */ = {isa = PBXBuildFile; fileRef = 761218D52794E67600D548E5 /* MockDependencyContainer.swift */; };
		76163A182747725E00358DDF /* y2020.html in Resources */ = {isa = PBXBuildFile; fileRef = 76163A172747725E00358DDF /* y2020.html */; };
		76163A1A2747757B00358DDF /* y2019.html in Resources */ = {isa = PBXBuildFile; fileRef = 76163A192747757B00358DDF /* y2019.html */; };
		76163A1C2747758300358DDF /* y2018.html in Resources */ = {isa = PBXBuildFile; fileRef = 76163A1B2747758300358DDF /* y2018.html */; };
		76163A2F2747766F00358DDF /* y2011.html in Resources */ = {isa = PBXBuildFile; fileRef = 76163A1D2747766E00358DDF /* y2011.html */; };
		76163A302747766F00358DDF /* y2005.html in Resources */ = {isa = PBXBuildFile; fileRef = 76163A1E2747766E00358DDF /* y2005.html */; };
		76163A312747766F00358DDF /* y2017.html in Resources */ = {isa = PBXBuildFile; fileRef = 76163A1F2747766E00358DDF /* y2017.html */; };
		76163A322747766F00358DDF /* y2004.html in Resources */ = {isa = PBXBuildFile; fileRef = 76163A202747766E00358DDF /* y2004.html */; };
		76163A332747766F00358DDF /* y2014.html in Resources */ = {isa = PBXBuildFile; fileRef = 76163A212747766E00358DDF /* y2014.html */; };
		76163A342747766F00358DDF /* y2016.html in Resources */ = {isa = PBXBuildFile; fileRef = 76163A222747766E00358DDF /* y2016.html */; };
		76163A352747766F00358DDF /* y2001.html in Resources */ = {isa = PBXBuildFile; fileRef = 76163A232747766E00358DDF /* y2001.html */; };
		76163A362747766F00358DDF /* y2009.html in Resources */ = {isa = PBXBuildFile; fileRef = 76163A242747766E00358DDF /* y2009.html */; };
		76163A372747766F00358DDF /* y2015.html in Resources */ = {isa = PBXBuildFile; fileRef = 76163A252747766E00358DDF /* y2015.html */; };
		76163A382747766F00358DDF /* y2008.html in Resources */ = {isa = PBXBuildFile; fileRef = 76163A262747766E00358DDF /* y2008.html */; };
		76163A392747766F00358DDF /* y2013.html in Resources */ = {isa = PBXBuildFile; fileRef = 76163A272747766E00358DDF /* y2013.html */; };
		76163A3A2747766F00358DDF /* y2010.html in Resources */ = {isa = PBXBuildFile; fileRef = 76163A282747766E00358DDF /* y2010.html */; };
		76163A3B2747766F00358DDF /* y2002.html in Resources */ = {isa = PBXBuildFile; fileRef = 76163A292747766F00358DDF /* y2002.html */; };
		76163A3C2747766F00358DDF /* y2007.html in Resources */ = {isa = PBXBuildFile; fileRef = 76163A2A2747766F00358DDF /* y2007.html */; };
		76163A3D2747766F00358DDF /* y2012.html in Resources */ = {isa = PBXBuildFile; fileRef = 76163A2B2747766F00358DDF /* y2012.html */; };
		76163A3E2747766F00358DDF /* y2000.html in Resources */ = {isa = PBXBuildFile; fileRef = 76163A2C2747766F00358DDF /* y2000.html */; };
		76163A3F2747766F00358DDF /* y2003.html in Resources */ = {isa = PBXBuildFile; fileRef = 76163A2D2747766F00358DDF /* y2003.html */; };
		76163A402747766F00358DDF /* y2006.html in Resources */ = {isa = PBXBuildFile; fileRef = 76163A2E2747766F00358DDF /* y2006.html */; };
		76163A4E2747788D00358DDF /* short_y2012.html in Resources */ = {isa = PBXBuildFile; fileRef = 76163A432747788D00358DDF /* short_y2012.html */; };
		76163A4F2747788D00358DDF /* short_y2014.html in Resources */ = {isa = PBXBuildFile; fileRef = 76163A442747788D00358DDF /* short_y2014.html */; };
		76163A502747788D00358DDF /* short_y2013.html in Resources */ = {isa = PBXBuildFile; fileRef = 76163A452747788D00358DDF /* short_y2013.html */; };
		76163A512747788D00358DDF /* short_y2010.html in Resources */ = {isa = PBXBuildFile; fileRef = 76163A462747788D00358DDF /* short_y2010.html */; };
		76163A522747788D00358DDF /* short_y2015.html in Resources */ = {isa = PBXBuildFile; fileRef = 76163A472747788D00358DDF /* short_y2015.html */; };
		76163A532747788D00358DDF /* short_y2017.html in Resources */ = {isa = PBXBuildFile; fileRef = 76163A482747788D00358DDF /* short_y2017.html */; };
		76163A542747788D00358DDF /* short_y2018.html in Resources */ = {isa = PBXBuildFile; fileRef = 76163A492747788D00358DDF /* short_y2018.html */; };
		76163A552747788D00358DDF /* short_y2011.html in Resources */ = {isa = PBXBuildFile; fileRef = 76163A4A2747788D00358DDF /* short_y2011.html */; };
		76163A562747788D00358DDF /* short_y2016.html in Resources */ = {isa = PBXBuildFile; fileRef = 76163A4B2747788D00358DDF /* short_y2016.html */; };
		76163A572747788D00358DDF /* short_y2019.html in Resources */ = {isa = PBXBuildFile; fileRef = 76163A4C2747788D00358DDF /* short_y2019.html */; };
		76163A582747788D00358DDF /* short_y2020.html in Resources */ = {isa = PBXBuildFile; fileRef = 76163A4D2747788D00358DDF /* short_y2020.html */; };
		76163A5A27477B6500358DDF /* DailyTalkCategory.swift in Sources */ = {isa = PBXBuildFile; fileRef = 76163A5927477B6500358DDF /* DailyTalkCategory.swift */; };
		76172407275F217000757236 /* Logger.swift in Sources */ = {isa = PBXBuildFile; fileRef = 76172406275F217000757236 /* Logger.swift */; };
		7617240A275F2EB700757236 /* CircularProgressBar.swift in Sources */ = {isa = PBXBuildFile; fileRef = 76172409275F2EB700757236 /* CircularProgressBar.swift */; };
		76227188273A159100AFBA63 /* TalkDataServiceTests.swift in Sources */ = {isa = PBXBuildFile; fileRef = 76227187273A159100AFBA63 /* TalkDataServiceTests.swift */; };
		7622718D273A1F8800AFBA63 /* HTMLPageFetcher.swift in Sources */ = {isa = PBXBuildFile; fileRef = 7622718C273A1F8800AFBA63 /* HTMLPageFetcher.swift */; };
		762D0FF9278151BC00DB04FD /* FavoriteDetails.swift in Sources */ = {isa = PBXBuildFile; fileRef = 762D0FF8278151BC00DB04FD /* FavoriteDetails.swift */; };
		7637DBE7276E862800D2ACEC /* DhammaTalksApp.swift in Sources */ = {isa = PBXBuildFile; fileRef = 7637DBE6276E862800D2ACEC /* DhammaTalksApp.swift */; };
		7637DBE9276E865000D2ACEC /* CoreDataStack.swift in Sources */ = {isa = PBXBuildFile; fileRef = 7637DBE8276E865000D2ACEC /* CoreDataStack.swift */; };
		763C950227383D4A00632633 /* UIImage.swift in Sources */ = {isa = PBXBuildFile; fileRef = 763C950127383D4A00632633 /* UIImage.swift */; };
		763C950427386ECC00632633 /* DailyTalkListView.swift in Sources */ = {isa = PBXBuildFile; fileRef = 763C950327386ECC00632633 /* DailyTalkListView.swift */; };
		763E52BE27645A0B000DCF7B /* String.swift in Sources */ = {isa = PBXBuildFile; fileRef = 763E52BD27645A0B000DCF7B /* String.swift */; };
		7658CA0F2736CA67009FF527 /* Localizable.stringsdict in Resources */ = {isa = PBXBuildFile; fileRef = 7658CA0E2736CA67009FF527 /* Localizable.stringsdict */; };
		76679E76273B4C4500D7046C /* AudioFileNameParserTests.swift in Sources */ = {isa = PBXBuildFile; fileRef = 76679E75273B4C4500D7046C /* AudioFileNameParserTests.swift */; };
		766B078D27658AF30047F663 /* Error.swift in Sources */ = {isa = PBXBuildFile; fileRef = 766B078C27658AF30047F663 /* Error.swift */; };
		766CA1E123D517E300A8E770 /* TalkRow.swift in Sources */ = {isa = PBXBuildFile; fileRef = 766CA1E023D517E300A8E770 /* TalkRow.swift */; };
		766CA1E523E6600400A8E770 /* TalkSection.swift in Sources */ = {isa = PBXBuildFile; fileRef = 766CA1E423E6600400A8E770 /* TalkSection.swift */; };
		767AAC8F27572C9B0003D9AC /* TalkRowViewModel.swift in Sources */ = {isa = PBXBuildFile; fileRef = 767AAC8E27572C9B0003D9AC /* TalkRowViewModel.swift */; };
		767AAC9127572D7B0003D9AC /* DateFormatter.swift in Sources */ = {isa = PBXBuildFile; fileRef = 767AAC9027572D7B0003D9AC /* DateFormatter.swift */; };
		767AAC9327572E600003D9AC /* DateComponentsFormatter.swift in Sources */ = {isa = PBXBuildFile; fileRef = 767AAC9227572E600003D9AC /* DateComponentsFormatter.swift */; };
		767AAC9527572F620003D9AC /* AVPlayerItem.swift in Sources */ = {isa = PBXBuildFile; fileRef = 767AAC9427572F620003D9AC /* AVPlayerItem.swift */; };
		767B2C442751EEB5003643E9 /* TalkUserInfoService.swift in Sources */ = {isa = PBXBuildFile; fileRef = 767B2C432751EEB5003643E9 /* TalkUserInfoService.swift */; };
		767B2C462751EEC4003643E9 /* TalkUserInfo.swift in Sources */ = {isa = PBXBuildFile; fileRef = 767B2C452751EEC4003643E9 /* TalkUserInfo.swift */; };
		767EEDB42744A55A0094697D /* TalkSeriesListView.swift in Sources */ = {isa = PBXBuildFile; fileRef = 767EEDB32744A55A0094697D /* TalkSeriesListView.swift */; };
		767EEDB62744A58C0094697D /* TalkSectionHeader.swift in Sources */ = {isa = PBXBuildFile; fileRef = 767EEDB52744A58C0094697D /* TalkSectionHeader.swift */; };
		769C76742747FA400077A5C2 /* DailyTalkCategoryTests.swift in Sources */ = {isa = PBXBuildFile; fileRef = 769C76732747FA400077A5C2 /* DailyTalkCategoryTests.swift */; };
		769C76762747FFF10077A5C2 /* HTMLPageFetcherTests.swift in Sources */ = {isa = PBXBuildFile; fileRef = 769C76752747FFF10077A5C2 /* HTMLPageFetcherTests.swift */; };
		769E69E12748BD2600DEC24C /* DailyTalkListViewModelTests.swift in Sources */ = {isa = PBXBuildFile; fileRef = 769E69E02748BD2600DEC24C /* DailyTalkListViewModelTests.swift */; };
		769E69E3274966D300DEC24C /* TalkGroupSelectorView.swift in Sources */ = {isa = PBXBuildFile; fileRef = 769E69E2274966D300DEC24C /* TalkGroupSelectorView.swift */; };
		769E69E52749758400DEC24C /* MediaPlayer.swift in Sources */ = {isa = PBXBuildFile; fileRef = 769E69E42749758400DEC24C /* MediaPlayer.swift */; };
		76AB4D45279C995200C83F8D /* DownloadManager.swift in Sources */ = {isa = PBXBuildFile; fileRef = 76AB4D44279C995200C83F8D /* DownloadManager.swift */; };
		76D064312761BCFC00FBFEA6 /* LocalFileStorage.swift in Sources */ = {isa = PBXBuildFile; fileRef = 76D064302761BCFC00FBFEA6 /* LocalFileStorage.swift */; };
		76D064332761C75F00FBFEA6 /* FileStorage.swift in Sources */ = {isa = PBXBuildFile; fileRef = 76D064322761C75F00FBFEA6 /* FileStorage.swift */; };
		76D62FA12759E24D006537DE /* TestCoreDataStack.swift in Sources */ = {isa = PBXBuildFile; fileRef = 76D62FA02759E24D006537DE /* TestCoreDataStack.swift */; };
		76D62FA32759E2A9006537DE /* TalkRowViewModelTests.swift in Sources */ = {isa = PBXBuildFile; fileRef = 76D62FA22759E2A9006537DE /* TalkRowViewModelTests.swift */; };
		76DB173927ACCDDA003D7C0C /* TalkSectionViewModel.swift in Sources */ = {isa = PBXBuildFile; fileRef = 76DB173827ACCDDA003D7C0C /* TalkSectionViewModel.swift */; };
		76E064F723CA9C6C007E18C1 /* AppDelegate.swift in Sources */ = {isa = PBXBuildFile; fileRef = 76E064F623CA9C6C007E18C1 /* AppDelegate.swift */; };
		76E064FC23CA9C6C007E18C1 /* DhammaTalks.xcdatamodeld in Sources */ = {isa = PBXBuildFile; fileRef = 76E064FA23CA9C6C007E18C1 /* DhammaTalks.xcdatamodeld */; };
		76E064FE23CA9C6C007E18C1 /* ContentView.swift in Sources */ = {isa = PBXBuildFile; fileRef = 76E064FD23CA9C6C007E18C1 /* ContentView.swift */; };
		76E0650023CA9C6E007E18C1 /* Assets.xcassets in Resources */ = {isa = PBXBuildFile; fileRef = 76E064FF23CA9C6E007E18C1 /* Assets.xcassets */; };
		76E0650323CA9C6E007E18C1 /* Preview Assets.xcassets in Resources */ = {isa = PBXBuildFile; fileRef = 76E0650223CA9C6E007E18C1 /* Preview Assets.xcassets */; };
		76E0650623CA9C6E007E18C1 /* LaunchScreen.storyboard in Resources */ = {isa = PBXBuildFile; fileRef = 76E0650423CA9C6E007E18C1 /* LaunchScreen.storyboard */; };
		76E0651123CA9C6E007E18C1 /* DhammaTalksTests.swift in Sources */ = {isa = PBXBuildFile; fileRef = 76E0651023CA9C6E007E18C1 /* DhammaTalksTests.swift */; };
		76E0651C23CA9C6E007E18C1 /* DhammaTalksUITests.swift in Sources */ = {isa = PBXBuildFile; fileRef = 76E0651B23CA9C6E007E18C1 /* DhammaTalksUITests.swift */; };
		76E0652B23CA9E17007E18C1 /* SwiftSoup in Frameworks */ = {isa = PBXBuildFile; productRef = 76E0652A23CA9E17007E18C1 /* SwiftSoup */; };
		76E0652E23CA9FDE007E18C1 /* TalkDataService.swift in Sources */ = {isa = PBXBuildFile; fileRef = 76E0652D23CA9FDE007E18C1 /* TalkDataService.swift */; };
		76E0653023CAA71B007E18C1 /* TalkData.swift in Sources */ = {isa = PBXBuildFile; fileRef = 76E0652F23CAA71B007E18C1 /* TalkData.swift */; };
		76E0653223CAB9EB007E18C1 /* AudioFileNameParser.swift in Sources */ = {isa = PBXBuildFile; fileRef = 76E0653123CAB9EB007E18C1 /* AudioFileNameParser.swift */; };
		76F9F46127483C3600957810 /* DailyTalkListViewModel.swift in Sources */ = {isa = PBXBuildFile; fileRef = 76F9F46027483C3600957810 /* DailyTalkListViewModel.swift */; };
		76F9F46327483F2700957810 /* Calendar.swift in Sources */ = {isa = PBXBuildFile; fileRef = 76F9F46227483F2700957810 /* Calendar.swift */; };
/* End PBXBuildFile section */

/* Begin PBXContainerItemProxy section */
		76E0650D23CA9C6E007E18C1 /* PBXContainerItemProxy */ = {
			isa = PBXContainerItemProxy;
			containerPortal = 76E064EB23CA9C6C007E18C1 /* Project object */;
			proxyType = 1;
			remoteGlobalIDString = 76E064F223CA9C6C007E18C1;
			remoteInfo = DhammaTalks;
		};
		76E0651823CA9C6E007E18C1 /* PBXContainerItemProxy */ = {
			isa = PBXContainerItemProxy;
			containerPortal = 76E064EB23CA9C6C007E18C1 /* Project object */;
			proxyType = 1;
			remoteGlobalIDString = 76E064F223CA9C6C007E18C1;
			remoteInfo = DhammaTalks;
		};
/* End PBXContainerItemProxy section */

/* Begin PBXFileReference section */
		76041DB02736EB2100B32362 /* TalkSeriesList.json */ = {isa = PBXFileReference; lastKnownFileType = text.json; path = TalkSeriesList.json; sourceTree = "<group>"; };
		76041DB22737008900B32362 /* TalkSeries.swift */ = {isa = PBXFileReference; lastKnownFileType = sourcecode.swift; path = TalkSeries.swift; sourceTree = "<group>"; };
		760B461227630C61007ED1E0 /* XCTestCase.swift */ = {isa = PBXFileReference; lastKnownFileType = sourcecode.swift; path = XCTestCase.swift; sourceTree = "<group>"; };
		760B461427630CD1007ED1E0 /* MockURLProtocol.swift */ = {isa = PBXFileReference; lastKnownFileType = sourcecode.swift; path = MockURLProtocol.swift; sourceTree = "<group>"; };
		760B46162763121F007ED1E0 /* TalkUserInfoMO.swift */ = {isa = PBXFileReference; lastKnownFileType = sourcecode.swift; path = TalkUserInfoMO.swift; sourceTree = "<group>"; };
		760B4618276317E6007ED1E0 /* FavoritesListView.swift */ = {isa = PBXFileReference; lastKnownFileType = sourcecode.swift; path = FavoritesListView.swift; sourceTree = "<group>"; };
		760F8EA327A799A8007F8D9A /* DownloadJob.swift */ = {isa = PBXFileReference; lastKnownFileType = sourcecode.swift; path = DownloadJob.swift; sourceTree = "<group>"; };
		761218D02794DBCA00D548E5 /* AppSettings.swift */ = {isa = PBXFileReference; lastKnownFileType = sourcecode.swift; path = AppSettings.swift; sourceTree = "<group>"; };
		761218D22794E5AF00D548E5 /* DependencyContainer.swift */ = {isa = PBXFileReference; lastKnownFileType = sourcecode.swift; path = DependencyContainer.swift; sourceTree = "<group>"; };
		761218D52794E67600D548E5 /* MockDependencyContainer.swift */ = {isa = PBXFileReference; lastKnownFileType = sourcecode.swift; path = MockDependencyContainer.swift; sourceTree = "<group>"; };
		76163A172747725E00358DDF /* y2020.html */ = {isa = PBXFileReference; fileEncoding = 4; lastKnownFileType = text.html; path = y2020.html; sourceTree = "<group>"; };
		76163A192747757B00358DDF /* y2019.html */ = {isa = PBXFileReference; fileEncoding = 4; lastKnownFileType = text.html; path = y2019.html; sourceTree = "<group>"; };
		76163A1B2747758300358DDF /* y2018.html */ = {isa = PBXFileReference; fileEncoding = 4; lastKnownFileType = text.html; path = y2018.html; sourceTree = "<group>"; };
		76163A1D2747766E00358DDF /* y2011.html */ = {isa = PBXFileReference; fileEncoding = 4; lastKnownFileType = text.html; path = y2011.html; sourceTree = "<group>"; };
		76163A1E2747766E00358DDF /* y2005.html */ = {isa = PBXFileReference; fileEncoding = 4; lastKnownFileType = text.html; path = y2005.html; sourceTree = "<group>"; };
		76163A1F2747766E00358DDF /* y2017.html */ = {isa = PBXFileReference; fileEncoding = 4; lastKnownFileType = text.html; path = y2017.html; sourceTree = "<group>"; };
		76163A202747766E00358DDF /* y2004.html */ = {isa = PBXFileReference; fileEncoding = 4; lastKnownFileType = text.html; path = y2004.html; sourceTree = "<group>"; };
		76163A212747766E00358DDF /* y2014.html */ = {isa = PBXFileReference; fileEncoding = 4; lastKnownFileType = text.html; path = y2014.html; sourceTree = "<group>"; };
		76163A222747766E00358DDF /* y2016.html */ = {isa = PBXFileReference; fileEncoding = 4; lastKnownFileType = text.html; path = y2016.html; sourceTree = "<group>"; };
		76163A232747766E00358DDF /* y2001.html */ = {isa = PBXFileReference; fileEncoding = 4; lastKnownFileType = text.html; path = y2001.html; sourceTree = "<group>"; };
		76163A242747766E00358DDF /* y2009.html */ = {isa = PBXFileReference; fileEncoding = 4; lastKnownFileType = text.html; path = y2009.html; sourceTree = "<group>"; };
		76163A252747766E00358DDF /* y2015.html */ = {isa = PBXFileReference; fileEncoding = 4; lastKnownFileType = text.html; path = y2015.html; sourceTree = "<group>"; };
		76163A262747766E00358DDF /* y2008.html */ = {isa = PBXFileReference; fileEncoding = 4; lastKnownFileType = text.html; path = y2008.html; sourceTree = "<group>"; };
		76163A272747766E00358DDF /* y2013.html */ = {isa = PBXFileReference; fileEncoding = 4; lastKnownFileType = text.html; path = y2013.html; sourceTree = "<group>"; };
		76163A282747766E00358DDF /* y2010.html */ = {isa = PBXFileReference; fileEncoding = 4; lastKnownFileType = text.html; path = y2010.html; sourceTree = "<group>"; };
		76163A292747766F00358DDF /* y2002.html */ = {isa = PBXFileReference; fileEncoding = 4; lastKnownFileType = text.html; path = y2002.html; sourceTree = "<group>"; };
		76163A2A2747766F00358DDF /* y2007.html */ = {isa = PBXFileReference; fileEncoding = 4; lastKnownFileType = text.html; path = y2007.html; sourceTree = "<group>"; };
		76163A2B2747766F00358DDF /* y2012.html */ = {isa = PBXFileReference; fileEncoding = 4; lastKnownFileType = text.html; path = y2012.html; sourceTree = "<group>"; };
		76163A2C2747766F00358DDF /* y2000.html */ = {isa = PBXFileReference; fileEncoding = 4; lastKnownFileType = text.html; path = y2000.html; sourceTree = "<group>"; };
		76163A2D2747766F00358DDF /* y2003.html */ = {isa = PBXFileReference; fileEncoding = 4; lastKnownFileType = text.html; path = y2003.html; sourceTree = "<group>"; };
		76163A2E2747766F00358DDF /* y2006.html */ = {isa = PBXFileReference; fileEncoding = 4; lastKnownFileType = text.html; path = y2006.html; sourceTree = "<group>"; };
		76163A432747788D00358DDF /* short_y2012.html */ = {isa = PBXFileReference; fileEncoding = 4; lastKnownFileType = text.html; path = short_y2012.html; sourceTree = "<group>"; };
		76163A442747788D00358DDF /* short_y2014.html */ = {isa = PBXFileReference; fileEncoding = 4; lastKnownFileType = text.html; path = short_y2014.html; sourceTree = "<group>"; };
		76163A452747788D00358DDF /* short_y2013.html */ = {isa = PBXFileReference; fileEncoding = 4; lastKnownFileType = text.html; path = short_y2013.html; sourceTree = "<group>"; };
		76163A462747788D00358DDF /* short_y2010.html */ = {isa = PBXFileReference; fileEncoding = 4; lastKnownFileType = text.html; path = short_y2010.html; sourceTree = "<group>"; };
		76163A472747788D00358DDF /* short_y2015.html */ = {isa = PBXFileReference; fileEncoding = 4; lastKnownFileType = text.html; path = short_y2015.html; sourceTree = "<group>"; };
		76163A482747788D00358DDF /* short_y2017.html */ = {isa = PBXFileReference; fileEncoding = 4; lastKnownFileType = text.html; path = short_y2017.html; sourceTree = "<group>"; };
		76163A492747788D00358DDF /* short_y2018.html */ = {isa = PBXFileReference; fileEncoding = 4; lastKnownFileType = text.html; path = short_y2018.html; sourceTree = "<group>"; };
		76163A4A2747788D00358DDF /* short_y2011.html */ = {isa = PBXFileReference; fileEncoding = 4; lastKnownFileType = text.html; path = short_y2011.html; sourceTree = "<group>"; };
		76163A4B2747788D00358DDF /* short_y2016.html */ = {isa = PBXFileReference; fileEncoding = 4; lastKnownFileType = text.html; path = short_y2016.html; sourceTree = "<group>"; };
		76163A4C2747788D00358DDF /* short_y2019.html */ = {isa = PBXFileReference; fileEncoding = 4; lastKnownFileType = text.html; path = short_y2019.html; sourceTree = "<group>"; };
		76163A4D2747788D00358DDF /* short_y2020.html */ = {isa = PBXFileReference; fileEncoding = 4; lastKnownFileType = text.html; path = short_y2020.html; sourceTree = "<group>"; };
		76163A5927477B6500358DDF /* DailyTalkCategory.swift */ = {isa = PBXFileReference; lastKnownFileType = sourcecode.swift; path = DailyTalkCategory.swift; sourceTree = "<group>"; };
		76172406275F217000757236 /* Logger.swift */ = {isa = PBXFileReference; lastKnownFileType = sourcecode.swift; path = Logger.swift; sourceTree = "<group>"; };
		76172409275F2EB700757236 /* CircularProgressBar.swift */ = {isa = PBXFileReference; lastKnownFileType = sourcecode.swift; path = CircularProgressBar.swift; sourceTree = "<group>"; };
		76227187273A159100AFBA63 /* TalkDataServiceTests.swift */ = {isa = PBXFileReference; lastKnownFileType = sourcecode.swift; path = TalkDataServiceTests.swift; sourceTree = "<group>"; };
		7622718C273A1F8800AFBA63 /* HTMLPageFetcher.swift */ = {isa = PBXFileReference; lastKnownFileType = sourcecode.swift; path = HTMLPageFetcher.swift; sourceTree = "<group>"; };
		762D0FF8278151BC00DB04FD /* FavoriteDetails.swift */ = {isa = PBXFileReference; lastKnownFileType = sourcecode.swift; path = FavoriteDetails.swift; sourceTree = "<group>"; };
		7637DBE6276E862800D2ACEC /* DhammaTalksApp.swift */ = {isa = PBXFileReference; lastKnownFileType = sourcecode.swift; path = DhammaTalksApp.swift; sourceTree = "<group>"; };
		7637DBE8276E865000D2ACEC /* CoreDataStack.swift */ = {isa = PBXFileReference; lastKnownFileType = sourcecode.swift; path = CoreDataStack.swift; sourceTree = "<group>"; };
		763C950127383D4A00632633 /* UIImage.swift */ = {isa = PBXFileReference; lastKnownFileType = sourcecode.swift; path = UIImage.swift; sourceTree = "<group>"; };
		763C950327386ECC00632633 /* DailyTalkListView.swift */ = {isa = PBXFileReference; lastKnownFileType = sourcecode.swift; path = DailyTalkListView.swift; sourceTree = "<group>"; };
		763E52BD27645A0B000DCF7B /* String.swift */ = {isa = PBXFileReference; lastKnownFileType = sourcecode.swift; path = String.swift; sourceTree = "<group>"; };
		7658CA0E2736CA67009FF527 /* Localizable.stringsdict */ = {isa = PBXFileReference; lastKnownFileType = text.plist.stringsdict; path = Localizable.stringsdict; sourceTree = "<group>"; };
		76679E75273B4C4500D7046C /* AudioFileNameParserTests.swift */ = {isa = PBXFileReference; lastKnownFileType = sourcecode.swift; path = AudioFileNameParserTests.swift; sourceTree = "<group>"; };
		766B078C27658AF30047F663 /* Error.swift */ = {isa = PBXFileReference; lastKnownFileType = sourcecode.swift; path = Error.swift; sourceTree = "<group>"; };
		766CA1E023D517E300A8E770 /* TalkRow.swift */ = {isa = PBXFileReference; lastKnownFileType = sourcecode.swift; path = TalkRow.swift; sourceTree = "<group>"; };
		766CA1E423E6600400A8E770 /* TalkSection.swift */ = {isa = PBXFileReference; lastKnownFileType = sourcecode.swift; path = TalkSection.swift; sourceTree = "<group>"; };
		767AAC8E27572C9B0003D9AC /* TalkRowViewModel.swift */ = {isa = PBXFileReference; lastKnownFileType = sourcecode.swift; path = TalkRowViewModel.swift; sourceTree = "<group>"; };
		767AAC9027572D7B0003D9AC /* DateFormatter.swift */ = {isa = PBXFileReference; lastKnownFileType = sourcecode.swift; path = DateFormatter.swift; sourceTree = "<group>"; };
		767AAC9227572E600003D9AC /* DateComponentsFormatter.swift */ = {isa = PBXFileReference; lastKnownFileType = sourcecode.swift; path = DateComponentsFormatter.swift; sourceTree = "<group>"; };
		767AAC9427572F620003D9AC /* AVPlayerItem.swift */ = {isa = PBXFileReference; lastKnownFileType = sourcecode.swift; path = AVPlayerItem.swift; sourceTree = "<group>"; };
		767B2C432751EEB5003643E9 /* TalkUserInfoService.swift */ = {isa = PBXFileReference; lastKnownFileType = sourcecode.swift; path = TalkUserInfoService.swift; sourceTree = "<group>"; };
		767B2C452751EEC4003643E9 /* TalkUserInfo.swift */ = {isa = PBXFileReference; lastKnownFileType = sourcecode.swift; path = TalkUserInfo.swift; sourceTree = "<group>"; };
		767EEDB32744A55A0094697D /* TalkSeriesListView.swift */ = {isa = PBXFileReference; lastKnownFileType = sourcecode.swift; path = TalkSeriesListView.swift; sourceTree = "<group>"; };
		767EEDB52744A58C0094697D /* TalkSectionHeader.swift */ = {isa = PBXFileReference; lastKnownFileType = sourcecode.swift; path = TalkSectionHeader.swift; sourceTree = "<group>"; };
		769C76732747FA400077A5C2 /* DailyTalkCategoryTests.swift */ = {isa = PBXFileReference; lastKnownFileType = sourcecode.swift; path = DailyTalkCategoryTests.swift; sourceTree = "<group>"; };
		769C76752747FFF10077A5C2 /* HTMLPageFetcherTests.swift */ = {isa = PBXFileReference; lastKnownFileType = sourcecode.swift; path = HTMLPageFetcherTests.swift; sourceTree = "<group>"; };
		769E69E02748BD2600DEC24C /* DailyTalkListViewModelTests.swift */ = {isa = PBXFileReference; lastKnownFileType = sourcecode.swift; path = DailyTalkListViewModelTests.swift; sourceTree = "<group>"; };
		769E69E2274966D300DEC24C /* TalkGroupSelectorView.swift */ = {isa = PBXFileReference; lastKnownFileType = sourcecode.swift; path = TalkGroupSelectorView.swift; sourceTree = "<group>"; };
		769E69E42749758400DEC24C /* MediaPlayer.swift */ = {isa = PBXFileReference; lastKnownFileType = sourcecode.swift; path = MediaPlayer.swift; sourceTree = "<group>"; };
		76AB4D44279C995200C83F8D /* DownloadManager.swift */ = {isa = PBXFileReference; lastKnownFileType = sourcecode.swift; path = DownloadManager.swift; sourceTree = "<group>"; };
		76D064302761BCFC00FBFEA6 /* LocalFileStorage.swift */ = {isa = PBXFileReference; lastKnownFileType = sourcecode.swift; path = LocalFileStorage.swift; sourceTree = "<group>"; };
		76D064322761C75F00FBFEA6 /* FileStorage.swift */ = {isa = PBXFileReference; lastKnownFileType = sourcecode.swift; path = FileStorage.swift; sourceTree = "<group>"; };
		76D62FA02759E24D006537DE /* TestCoreDataStack.swift */ = {isa = PBXFileReference; lastKnownFileType = sourcecode.swift; path = TestCoreDataStack.swift; sourceTree = "<group>"; };
		76D62FA22759E2A9006537DE /* TalkRowViewModelTests.swift */ = {isa = PBXFileReference; lastKnownFileType = sourcecode.swift; path = TalkRowViewModelTests.swift; sourceTree = "<group>"; };
		76DB173827ACCDDA003D7C0C /* TalkSectionViewModel.swift */ = {isa = PBXFileReference; lastKnownFileType = sourcecode.swift; path = TalkSectionViewModel.swift; sourceTree = "<group>"; };
		76E064F323CA9C6C007E18C1 /* DhammaTalks.app */ = {isa = PBXFileReference; explicitFileType = wrapper.application; includeInIndex = 0; path = DhammaTalks.app; sourceTree = BUILT_PRODUCTS_DIR; };
		76E064F623CA9C6C007E18C1 /* AppDelegate.swift */ = {isa = PBXFileReference; lastKnownFileType = sourcecode.swift; path = AppDelegate.swift; sourceTree = "<group>"; };
		76E064FB23CA9C6C007E18C1 /* DhammaTalks.xcdatamodel */ = {isa = PBXFileReference; lastKnownFileType = wrapper.xcdatamodel; path = DhammaTalks.xcdatamodel; sourceTree = "<group>"; };
		76E064FD23CA9C6C007E18C1 /* ContentView.swift */ = {isa = PBXFileReference; lastKnownFileType = sourcecode.swift; path = ContentView.swift; sourceTree = "<group>"; };
		76E064FF23CA9C6E007E18C1 /* Assets.xcassets */ = {isa = PBXFileReference; lastKnownFileType = folder.assetcatalog; path = Assets.xcassets; sourceTree = "<group>"; };
		76E0650223CA9C6E007E18C1 /* Preview Assets.xcassets */ = {isa = PBXFileReference; lastKnownFileType = folder.assetcatalog; path = "Preview Assets.xcassets"; sourceTree = "<group>"; };
		76E0650523CA9C6E007E18C1 /* Base */ = {isa = PBXFileReference; lastKnownFileType = file.storyboard; name = Base; path = Base.lproj/LaunchScreen.storyboard; sourceTree = "<group>"; };
		76E0650723CA9C6E007E18C1 /* Info.plist */ = {isa = PBXFileReference; lastKnownFileType = text.plist.xml; path = Info.plist; sourceTree = "<group>"; };
		76E0650C23CA9C6E007E18C1 /* DhammaTalksTests.xctest */ = {isa = PBXFileReference; explicitFileType = wrapper.cfbundle; includeInIndex = 0; path = DhammaTalksTests.xctest; sourceTree = BUILT_PRODUCTS_DIR; };
		76E0651023CA9C6E007E18C1 /* DhammaTalksTests.swift */ = {isa = PBXFileReference; lastKnownFileType = sourcecode.swift; path = DhammaTalksTests.swift; sourceTree = "<group>"; };
		76E0651223CA9C6E007E18C1 /* Info.plist */ = {isa = PBXFileReference; lastKnownFileType = text.plist.xml; path = Info.plist; sourceTree = "<group>"; };
		76E0651723CA9C6E007E18C1 /* DhammaTalksUITests.xctest */ = {isa = PBXFileReference; explicitFileType = wrapper.cfbundle; includeInIndex = 0; path = DhammaTalksUITests.xctest; sourceTree = BUILT_PRODUCTS_DIR; };
		76E0651B23CA9C6E007E18C1 /* DhammaTalksUITests.swift */ = {isa = PBXFileReference; lastKnownFileType = sourcecode.swift; path = DhammaTalksUITests.swift; sourceTree = "<group>"; };
		76E0651D23CA9C6E007E18C1 /* Info.plist */ = {isa = PBXFileReference; lastKnownFileType = text.plist.xml; path = Info.plist; sourceTree = "<group>"; };
		76E0652D23CA9FDE007E18C1 /* TalkDataService.swift */ = {isa = PBXFileReference; lastKnownFileType = sourcecode.swift; path = TalkDataService.swift; sourceTree = "<group>"; };
		76E0652F23CAA71B007E18C1 /* TalkData.swift */ = {isa = PBXFileReference; lastKnownFileType = sourcecode.swift; path = TalkData.swift; sourceTree = "<group>"; };
		76E0653123CAB9EB007E18C1 /* AudioFileNameParser.swift */ = {isa = PBXFileReference; lastKnownFileType = sourcecode.swift; path = AudioFileNameParser.swift; sourceTree = "<group>"; };
		76F9F46027483C3600957810 /* DailyTalkListViewModel.swift */ = {isa = PBXFileReference; lastKnownFileType = sourcecode.swift; path = DailyTalkListViewModel.swift; sourceTree = "<group>"; };
		76F9F46227483F2700957810 /* Calendar.swift */ = {isa = PBXFileReference; lastKnownFileType = sourcecode.swift; path = Calendar.swift; sourceTree = "<group>"; };
/* End PBXFileReference section */

/* Begin PBXFrameworksBuildPhase section */
		76E064F023CA9C6C007E18C1 /* Frameworks */ = {
			isa = PBXFrameworksBuildPhase;
			buildActionMask = 2147483647;
			files = (
				76E0652B23CA9E17007E18C1 /* SwiftSoup in Frameworks */,
			);
			runOnlyForDeploymentPostprocessing = 0;
		};
		76E0650923CA9C6E007E18C1 /* Frameworks */ = {
			isa = PBXFrameworksBuildPhase;
			buildActionMask = 2147483647;
			files = (
			);
			runOnlyForDeploymentPostprocessing = 0;
		};
		76E0651423CA9C6E007E18C1 /* Frameworks */ = {
			isa = PBXFrameworksBuildPhase;
			buildActionMask = 2147483647;
			files = (
			);
			runOnlyForDeploymentPostprocessing = 0;
		};
/* End PBXFrameworksBuildPhase section */

/* Begin PBXGroup section */
		760B461127630C51007ED1E0 /* Extensions */ = {
			isa = PBXGroup;
			children = (
				760B461227630C61007ED1E0 /* XCTestCase.swift */,
			);
			path = Extensions;
			sourceTree = "<group>";
		};
		760F8EA227A79993007F8D9A /* Download */ = {
			isa = PBXGroup;
			children = (
				76AB4D44279C995200C83F8D /* DownloadManager.swift */,
				760F8EA327A799A8007F8D9A /* DownloadJob.swift */,
			);
			path = Download;
			sourceTree = "<group>";
		};
		761218D42794E62200D548E5 /* Mocks */ = {
			isa = PBXGroup;
			children = (
				761218D52794E67600D548E5 /* MockDependencyContainer.swift */,
				760B461427630CD1007ED1E0 /* MockURLProtocol.swift */,
			);
			path = Mocks;
			sourceTree = "<group>";
		};
		76163A162747724400358DDF /* html */ = {
			isa = PBXGroup;
			children = (
				76163A412747776B00358DDF /* Eveninig */,
				76163A422747778500358DDF /* Short */,
			);
			path = html;
			sourceTree = "<group>";
		};
		76163A412747776B00358DDF /* Eveninig */ = {
			isa = PBXGroup;
			children = (
				76163A2C2747766F00358DDF /* y2000.html */,
				76163A232747766E00358DDF /* y2001.html */,
				76163A292747766F00358DDF /* y2002.html */,
				76163A2D2747766F00358DDF /* y2003.html */,
				76163A202747766E00358DDF /* y2004.html */,
				76163A1E2747766E00358DDF /* y2005.html */,
				76163A2E2747766F00358DDF /* y2006.html */,
				76163A2A2747766F00358DDF /* y2007.html */,
				76163A262747766E00358DDF /* y2008.html */,
				76163A242747766E00358DDF /* y2009.html */,
				76163A282747766E00358DDF /* y2010.html */,
				76163A1D2747766E00358DDF /* y2011.html */,
				76163A2B2747766F00358DDF /* y2012.html */,
				76163A272747766E00358DDF /* y2013.html */,
				76163A212747766E00358DDF /* y2014.html */,
				76163A252747766E00358DDF /* y2015.html */,
				76163A222747766E00358DDF /* y2016.html */,
				76163A1F2747766E00358DDF /* y2017.html */,
				76163A1B2747758300358DDF /* y2018.html */,
				76163A192747757B00358DDF /* y2019.html */,
				76163A172747725E00358DDF /* y2020.html */,
			);
			path = Eveninig;
			sourceTree = "<group>";
		};
		76163A422747778500358DDF /* Short */ = {
			isa = PBXGroup;
			children = (
				76163A462747788D00358DDF /* short_y2010.html */,
				76163A4A2747788D00358DDF /* short_y2011.html */,
				76163A432747788D00358DDF /* short_y2012.html */,
				76163A452747788D00358DDF /* short_y2013.html */,
				76163A442747788D00358DDF /* short_y2014.html */,
				76163A472747788D00358DDF /* short_y2015.html */,
				76163A4B2747788D00358DDF /* short_y2016.html */,
				76163A482747788D00358DDF /* short_y2017.html */,
				76163A492747788D00358DDF /* short_y2018.html */,
				76163A4C2747788D00358DDF /* short_y2019.html */,
				76163A4D2747788D00358DDF /* short_y2020.html */,
			);
			path = Short;
			sourceTree = "<group>";
		};
		76163A5B2747F90C00358DDF /* Resources */ = {
			isa = PBXGroup;
			children = (
				76163A5C2747F91900358DDF /* json */,
				76163A162747724400358DDF /* html */,
			);
			path = Resources;
			sourceTree = "<group>";
		};
		76163A5C2747F91900358DDF /* json */ = {
			isa = PBXGroup;
			children = (
				76041DB02736EB2100B32362 /* TalkSeriesList.json */,
			);
			path = json;
			sourceTree = "<group>";
		};
		76172408275F2EA200757236 /* UI */ = {
			isa = PBXGroup;
			children = (
				76172409275F2EB700757236 /* CircularProgressBar.swift */,
			);
			path = UI;
			sourceTree = "<group>";
		};
		761BA31F273CCB2400F22202 /* Views */ = {
			isa = PBXGroup;
			children = (
				763C950327386ECC00632633 /* DailyTalkListView.swift */,
				76F9F46027483C3600957810 /* DailyTalkListViewModel.swift */,
				769E69E42749758400DEC24C /* MediaPlayer.swift */,
				766CA1E023D517E300A8E770 /* TalkRow.swift */,
				767AAC8E27572C9B0003D9AC /* TalkRowViewModel.swift */,
				76DB173827ACCDDA003D7C0C /* TalkSectionViewModel.swift */,
				767EEDB32744A55A0094697D /* TalkSeriesListView.swift */,
				767EEDB52744A58C0094697D /* TalkSectionHeader.swift */,
				769E69E2274966D300DEC24C /* TalkGroupSelectorView.swift */,
				760B4618276317E6007ED1E0 /* FavoritesListView.swift */,
			);
			path = Views;
			sourceTree = "<group>";
		};
		7622718B273A1E8600AFBA63 /* Talks */ = {
			isa = PBXGroup;
			children = (
				760F8EA227A79993007F8D9A /* Download */,
				76C2262C274DF6EA00061450 /* Services */,
				761BA31F273CCB2400F22202 /* Views */,
				76E0652C23CA9FBE007E18C1 /* Data */,
				76E0653123CAB9EB007E18C1 /* AudioFileNameParser.swift */,
				7622718C273A1F8800AFBA63 /* HTMLPageFetcher.swift */,
			);
			path = Talks;
			sourceTree = "<group>";
		};
		763C950027383D2B00632633 /* Extensions */ = {
			isa = PBXGroup;
			children = (
				767AAC9427572F620003D9AC /* AVPlayerItem.swift */,
				76F9F46227483F2700957810 /* Calendar.swift */,
				767AAC9227572E600003D9AC /* DateComponentsFormatter.swift */,
				767AAC9027572D7B0003D9AC /* DateFormatter.swift */,
				766B078C27658AF30047F663 /* Error.swift */,
				76172406275F217000757236 /* Logger.swift */,
				763E52BD27645A0B000DCF7B /* String.swift */,
				760B46162763121F007ED1E0 /* TalkUserInfoMO.swift */,
				763C950127383D4A00632633 /* UIImage.swift */,
			);
			path = Extensions;
			sourceTree = "<group>";
		};
		76C2262C274DF6EA00061450 /* Services */ = {
			isa = PBXGroup;
			children = (
				76E0652D23CA9FDE007E18C1 /* TalkDataService.swift */,
				767B2C432751EEB5003643E9 /* TalkUserInfoService.swift */,
				76D064322761C75F00FBFEA6 /* FileStorage.swift */,
				76D064302761BCFC00FBFEA6 /* LocalFileStorage.swift */,
			);
			path = Services;
			sourceTree = "<group>";
		};
		76E064EA23CA9C6C007E18C1 = {
			isa = PBXGroup;
			children = (
				76E064F523CA9C6C007E18C1 /* DhammaTalks */,
				76E0650F23CA9C6E007E18C1 /* DhammaTalksTests */,
				76E0651A23CA9C6E007E18C1 /* DhammaTalksUITests */,
				76E064F423CA9C6C007E18C1 /* Products */,
			);
			sourceTree = "<group>";
		};
		76E064F423CA9C6C007E18C1 /* Products */ = {
			isa = PBXGroup;
			children = (
				76E064F323CA9C6C007E18C1 /* DhammaTalks.app */,
				76E0650C23CA9C6E007E18C1 /* DhammaTalksTests.xctest */,
				76E0651723CA9C6E007E18C1 /* DhammaTalksUITests.xctest */,
			);
			name = Products;
			sourceTree = "<group>";
		};
		76E064F523CA9C6C007E18C1 /* DhammaTalks */ = {
			isa = PBXGroup;
			children = (
				76172408275F2EA200757236 /* UI */,
				76163A5B2747F90C00358DDF /* Resources */,
				7622718B273A1E8600AFBA63 /* Talks */,
				763C950027383D2B00632633 /* Extensions */,
				76E064F623CA9C6C007E18C1 /* AppDelegate.swift */,
				76E064FD23CA9C6C007E18C1 /* ContentView.swift */,
				7637DBE8276E865000D2ACEC /* CoreDataStack.swift */,
				7637DBE6276E862800D2ACEC /* DhammaTalksApp.swift */,
				761218D02794DBCA00D548E5 /* AppSettings.swift */,
				761218D22794E5AF00D548E5 /* DependencyContainer.swift */,
				7658CA0E2736CA67009FF527 /* Localizable.stringsdict */,
				76E064FF23CA9C6E007E18C1 /* Assets.xcassets */,
				76E0650423CA9C6E007E18C1 /* LaunchScreen.storyboard */,
				76E0650723CA9C6E007E18C1 /* Info.plist */,
				76E064FA23CA9C6C007E18C1 /* DhammaTalks.xcdatamodeld */,
				76E0650123CA9C6E007E18C1 /* Preview Content */,
			);
			path = DhammaTalks;
			sourceTree = "<group>";
		};
		76E0650123CA9C6E007E18C1 /* Preview Content */ = {
			isa = PBXGroup;
			children = (
				76E0650223CA9C6E007E18C1 /* Preview Assets.xcassets */,
			);
			path = "Preview Content";
			sourceTree = "<group>";
		};
		76E0650F23CA9C6E007E18C1 /* DhammaTalksTests */ = {
			isa = PBXGroup;
			children = (
				761218D42794E62200D548E5 /* Mocks */,
				760B461127630C51007ED1E0 /* Extensions */,
				76E0651023CA9C6E007E18C1 /* DhammaTalksTests.swift */,
				76E0651223CA9C6E007E18C1 /* Info.plist */,
				76227187273A159100AFBA63 /* TalkDataServiceTests.swift */,
				76679E75273B4C4500D7046C /* AudioFileNameParserTests.swift */,
				769C76732747FA400077A5C2 /* DailyTalkCategoryTests.swift */,
				769C76752747FFF10077A5C2 /* HTMLPageFetcherTests.swift */,
				769E69E02748BD2600DEC24C /* DailyTalkListViewModelTests.swift */,
				76D62FA22759E2A9006537DE /* TalkRowViewModelTests.swift */,
				76D62FA02759E24D006537DE /* TestCoreDataStack.swift */,
			);
			path = DhammaTalksTests;
			sourceTree = "<group>";
		};
		76E0651A23CA9C6E007E18C1 /* DhammaTalksUITests */ = {
			isa = PBXGroup;
			children = (
				76E0651B23CA9C6E007E18C1 /* DhammaTalksUITests.swift */,
				76E0651D23CA9C6E007E18C1 /* Info.plist */,
			);
			path = DhammaTalksUITests;
			sourceTree = "<group>";
		};
		76E0652C23CA9FBE007E18C1 /* Data */ = {
			isa = PBXGroup;
			children = (
				76E0652F23CAA71B007E18C1 /* TalkData.swift */,
				766CA1E423E6600400A8E770 /* TalkSection.swift */,
				76041DB22737008900B32362 /* TalkSeries.swift */,
				76163A5927477B6500358DDF /* DailyTalkCategory.swift */,
				767B2C452751EEC4003643E9 /* TalkUserInfo.swift */,
				762D0FF8278151BC00DB04FD /* FavoriteDetails.swift */,
			);
			path = Data;
			sourceTree = "<group>";
		};
/* End PBXGroup section */

/* Begin PBXNativeTarget section */
		76E064F223CA9C6C007E18C1 /* DhammaTalks */ = {
			isa = PBXNativeTarget;
			buildConfigurationList = 76E0652023CA9C6E007E18C1 /* Build configuration list for PBXNativeTarget "DhammaTalks" */;
			buildPhases = (
				76E064EF23CA9C6C007E18C1 /* Sources */,
				76E064F023CA9C6C007E18C1 /* Frameworks */,
				76E064F123CA9C6C007E18C1 /* Resources */,
			);
			buildRules = (
			);
			dependencies = (
			);
			name = DhammaTalks;
			packageProductDependencies = (
				76E0652A23CA9E17007E18C1 /* SwiftSoup */,
			);
			productName = DhammaTalks;
			productReference = 76E064F323CA9C6C007E18C1 /* DhammaTalks.app */;
			productType = "com.apple.product-type.application";
		};
		76E0650B23CA9C6E007E18C1 /* DhammaTalksTests */ = {
			isa = PBXNativeTarget;
			buildConfigurationList = 76E0652323CA9C6E007E18C1 /* Build configuration list for PBXNativeTarget "DhammaTalksTests" */;
			buildPhases = (
				76E0650823CA9C6E007E18C1 /* Sources */,
				76E0650923CA9C6E007E18C1 /* Frameworks */,
				76E0650A23CA9C6E007E18C1 /* Resources */,
			);
			buildRules = (
			);
			dependencies = (
				76E0650E23CA9C6E007E18C1 /* PBXTargetDependency */,
			);
			name = DhammaTalksTests;
			productName = DhammaTalksTests;
			productReference = 76E0650C23CA9C6E007E18C1 /* DhammaTalksTests.xctest */;
			productType = "com.apple.product-type.bundle.unit-test";
		};
		76E0651623CA9C6E007E18C1 /* DhammaTalksUITests */ = {
			isa = PBXNativeTarget;
			buildConfigurationList = 76E0652623CA9C6E007E18C1 /* Build configuration list for PBXNativeTarget "DhammaTalksUITests" */;
			buildPhases = (
				76E0651323CA9C6E007E18C1 /* Sources */,
				76E0651423CA9C6E007E18C1 /* Frameworks */,
				76E0651523CA9C6E007E18C1 /* Resources */,
			);
			buildRules = (
			);
			dependencies = (
				76E0651923CA9C6E007E18C1 /* PBXTargetDependency */,
			);
			name = DhammaTalksUITests;
			productName = DhammaTalksUITests;
			productReference = 76E0651723CA9C6E007E18C1 /* DhammaTalksUITests.xctest */;
			productType = "com.apple.product-type.bundle.ui-testing";
		};
/* End PBXNativeTarget section */

/* Begin PBXProject section */
		76E064EB23CA9C6C007E18C1 /* Project object */ = {
			isa = PBXProject;
			attributes = {
				LastSwiftUpdateCheck = 1120;
				LastUpgradeCheck = 1310;
				ORGANIZATIONNAME = "Bill Parousis";
				TargetAttributes = {
					76E064F223CA9C6C007E18C1 = {
						CreatedOnToolsVersion = 11.2.1;
					};
					76E0650B23CA9C6E007E18C1 = {
						CreatedOnToolsVersion = 11.2.1;
						TestTargetID = 76E064F223CA9C6C007E18C1;
					};
					76E0651623CA9C6E007E18C1 = {
						CreatedOnToolsVersion = 11.2.1;
						TestTargetID = 76E064F223CA9C6C007E18C1;
					};
				};
			};
			buildConfigurationList = 76E064EE23CA9C6C007E18C1 /* Build configuration list for PBXProject "DhammaTalks" */;
			compatibilityVersion = "Xcode 9.3";
			developmentRegion = en;
			hasScannedForEncodings = 0;
			knownRegions = (
				en,
				Base,
			);
			mainGroup = 76E064EA23CA9C6C007E18C1;
			packageReferences = (
				76E0652923CA9E17007E18C1 /* XCRemoteSwiftPackageReference "SwiftSoup" */,
			);
			productRefGroup = 76E064F423CA9C6C007E18C1 /* Products */;
			projectDirPath = "";
			projectRoot = "";
			targets = (
				76E064F223CA9C6C007E18C1 /* DhammaTalks */,
				76E0650B23CA9C6E007E18C1 /* DhammaTalksTests */,
				76E0651623CA9C6E007E18C1 /* DhammaTalksUITests */,
			);
		};
/* End PBXProject section */

/* Begin PBXResourcesBuildPhase section */
		76E064F123CA9C6C007E18C1 /* Resources */ = {
			isa = PBXResourcesBuildPhase;
			buildActionMask = 2147483647;
			files = (
				76163A372747766F00358DDF /* y2015.html in Resources */,
				76163A3F2747766F00358DDF /* y2003.html in Resources */,
				76163A512747788D00358DDF /* short_y2010.html in Resources */,
				76163A4F2747788D00358DDF /* short_y2014.html in Resources */,
				76163A3A2747766F00358DDF /* y2010.html in Resources */,
				76163A552747788D00358DDF /* short_y2011.html in Resources */,
				76163A532747788D00358DDF /* short_y2017.html in Resources */,
				76E0650623CA9C6E007E18C1 /* LaunchScreen.storyboard in Resources */,
				76163A362747766F00358DDF /* y2009.html in Resources */,
				76163A4E2747788D00358DDF /* short_y2012.html in Resources */,
				76163A302747766F00358DDF /* y2005.html in Resources */,
				76163A3C2747766F00358DDF /* y2007.html in Resources */,
				76163A562747788D00358DDF /* short_y2016.html in Resources */,
				76163A502747788D00358DDF /* short_y2013.html in Resources */,
				76163A1C2747758300358DDF /* y2018.html in Resources */,
				76163A332747766F00358DDF /* y2014.html in Resources */,
				76163A542747788D00358DDF /* short_y2018.html in Resources */,
				76163A382747766F00358DDF /* y2008.html in Resources */,
				76163A2F2747766F00358DDF /* y2011.html in Resources */,
				76163A3B2747766F00358DDF /* y2002.html in Resources */,
				76E0650323CA9C6E007E18C1 /* Preview Assets.xcassets in Resources */,
				7658CA0F2736CA67009FF527 /* Localizable.stringsdict in Resources */,
				76163A342747766F00358DDF /* y2016.html in Resources */,
				76163A572747788D00358DDF /* short_y2019.html in Resources */,
				76163A3D2747766F00358DDF /* y2012.html in Resources */,
				76163A312747766F00358DDF /* y2017.html in Resources */,
				76163A3E2747766F00358DDF /* y2000.html in Resources */,
				76163A582747788D00358DDF /* short_y2020.html in Resources */,
				76163A392747766F00358DDF /* y2013.html in Resources */,
				76041DB12736EB2100B32362 /* TalkSeriesList.json in Resources */,
				76163A322747766F00358DDF /* y2004.html in Resources */,
				76163A352747766F00358DDF /* y2001.html in Resources */,
				76163A402747766F00358DDF /* y2006.html in Resources */,
				76163A522747788D00358DDF /* short_y2015.html in Resources */,
				76163A182747725E00358DDF /* y2020.html in Resources */,
				76E0650023CA9C6E007E18C1 /* Assets.xcassets in Resources */,
				76163A1A2747757B00358DDF /* y2019.html in Resources */,
			);
			runOnlyForDeploymentPostprocessing = 0;
		};
		76E0650A23CA9C6E007E18C1 /* Resources */ = {
			isa = PBXResourcesBuildPhase;
			buildActionMask = 2147483647;
			files = (
			);
			runOnlyForDeploymentPostprocessing = 0;
		};
		76E0651523CA9C6E007E18C1 /* Resources */ = {
			isa = PBXResourcesBuildPhase;
			buildActionMask = 2147483647;
			files = (
			);
			runOnlyForDeploymentPostprocessing = 0;
		};
/* End PBXResourcesBuildPhase section */

/* Begin PBXSourcesBuildPhase section */
		76E064EF23CA9C6C007E18C1 /* Sources */ = {
			isa = PBXSourcesBuildPhase;
			buildActionMask = 2147483647;
			files = (
				767AAC9327572E600003D9AC /* DateComponentsFormatter.swift in Sources */,
				76E064FC23CA9C6C007E18C1 /* DhammaTalks.xcdatamodeld in Sources */,
				760B46172763121F007ED1E0 /* TalkUserInfoMO.swift in Sources */,
				76163A5A27477B6500358DDF /* DailyTalkCategory.swift in Sources */,
				769E69E3274966D300DEC24C /* TalkGroupSelectorView.swift in Sources */,
				767EEDB42744A55A0094697D /* TalkSeriesListView.swift in Sources */,
				767B2C442751EEB5003643E9 /* TalkUserInfoService.swift in Sources */,
				76E064F723CA9C6C007E18C1 /* AppDelegate.swift in Sources */,
				766CA1E523E6600400A8E770 /* TalkSection.swift in Sources */,
				76E0653223CAB9EB007E18C1 /* AudioFileNameParser.swift in Sources */,
				76AB4D45279C995200C83F8D /* DownloadManager.swift in Sources */,
				767AAC8F27572C9B0003D9AC /* TalkRowViewModel.swift in Sources */,
				76172407275F217000757236 /* Logger.swift in Sources */,
				76D064332761C75F00FBFEA6 /* FileStorage.swift in Sources */,
				763E52BE27645A0B000DCF7B /* String.swift in Sources */,
				769E69E52749758400DEC24C /* MediaPlayer.swift in Sources */,
				7637DBE9276E865000D2ACEC /* CoreDataStack.swift in Sources */,
				76E064FE23CA9C6C007E18C1 /* ContentView.swift in Sources */,
				767EEDB62744A58C0094697D /* TalkSectionHeader.swift in Sources */,
				761218D32794E5AF00D548E5 /* DependencyContainer.swift in Sources */,
				760B4619276317E6007ED1E0 /* FavoritesListView.swift in Sources */,
				761218D12794DBCA00D548E5 /* AppSettings.swift in Sources */,
				76041DB32737008A00B32362 /* TalkSeries.swift in Sources */,
				767AAC9127572D7B0003D9AC /* DateFormatter.swift in Sources */,
				762D0FF9278151BC00DB04FD /* FavoriteDetails.swift in Sources */,
				766CA1E123D517E300A8E770 /* TalkRow.swift in Sources */,
				760F8EA427A799A8007F8D9A /* DownloadJob.swift in Sources */,
				767B2C462751EEC4003643E9 /* TalkUserInfo.swift in Sources */,
				7622718D273A1F8800AFBA63 /* HTMLPageFetcher.swift in Sources */,
				76F9F46127483C3600957810 /* DailyTalkListViewModel.swift in Sources */,
				76D064312761BCFC00FBFEA6 /* LocalFileStorage.swift in Sources */,
				7637DBE7276E862800D2ACEC /* DhammaTalksApp.swift in Sources */,
				763C950427386ECC00632633 /* DailyTalkListView.swift in Sources */,
				76DB173927ACCDDA003D7C0C /* TalkSectionViewModel.swift in Sources */,
				767AAC9527572F620003D9AC /* AVPlayerItem.swift in Sources */,
				763C950227383D4A00632633 /* UIImage.swift in Sources */,
				76F9F46327483F2700957810 /* Calendar.swift in Sources */,
				7617240A275F2EB700757236 /* CircularProgressBar.swift in Sources */,
				76E0652E23CA9FDE007E18C1 /* TalkDataService.swift in Sources */,
				766B078D27658AF30047F663 /* Error.swift in Sources */,
				76E0653023CAA71B007E18C1 /* TalkData.swift in Sources */,
			);
			runOnlyForDeploymentPostprocessing = 0;
		};
		76E0650823CA9C6E007E18C1 /* Sources */ = {
			isa = PBXSourcesBuildPhase;
			buildActionMask = 2147483647;
			files = (
				769E69E12748BD2600DEC24C /* DailyTalkListViewModelTests.swift in Sources */,
				76D62FA32759E2A9006537DE /* TalkRowViewModelTests.swift in Sources */,
				760B461327630C61007ED1E0 /* XCTestCase.swift in Sources */,
				761218D62794E67600D548E5 /* MockDependencyContainer.swift in Sources */,
				76D62FA12759E24D006537DE /* TestCoreDataStack.swift in Sources */,
				76227188273A159100AFBA63 /* TalkDataServiceTests.swift in Sources */,
				76679E76273B4C4500D7046C /* AudioFileNameParserTests.swift in Sources */,
				76E0651123CA9C6E007E18C1 /* DhammaTalksTests.swift in Sources */,
				760B461527630CD1007ED1E0 /* MockURLProtocol.swift in Sources */,
				769C76742747FA400077A5C2 /* DailyTalkCategoryTests.swift in Sources */,
				769C76762747FFF10077A5C2 /* HTMLPageFetcherTests.swift in Sources */,
			);
			runOnlyForDeploymentPostprocessing = 0;
		};
		76E0651323CA9C6E007E18C1 /* Sources */ = {
			isa = PBXSourcesBuildPhase;
			buildActionMask = 2147483647;
			files = (
				76E0651C23CA9C6E007E18C1 /* DhammaTalksUITests.swift in Sources */,
			);
			runOnlyForDeploymentPostprocessing = 0;
		};
/* End PBXSourcesBuildPhase section */

/* Begin PBXTargetDependency section */
		76E0650E23CA9C6E007E18C1 /* PBXTargetDependency */ = {
			isa = PBXTargetDependency;
			target = 76E064F223CA9C6C007E18C1 /* DhammaTalks */;
			targetProxy = 76E0650D23CA9C6E007E18C1 /* PBXContainerItemProxy */;
		};
		76E0651923CA9C6E007E18C1 /* PBXTargetDependency */ = {
			isa = PBXTargetDependency;
			target = 76E064F223CA9C6C007E18C1 /* DhammaTalks */;
			targetProxy = 76E0651823CA9C6E007E18C1 /* PBXContainerItemProxy */;
		};
/* End PBXTargetDependency section */

/* Begin PBXVariantGroup section */
		76E0650423CA9C6E007E18C1 /* LaunchScreen.storyboard */ = {
			isa = PBXVariantGroup;
			children = (
				76E0650523CA9C6E007E18C1 /* Base */,
			);
			name = LaunchScreen.storyboard;
			sourceTree = "<group>";
		};
/* End PBXVariantGroup section */

/* Begin XCBuildConfiguration section */
		76E0651E23CA9C6E007E18C1 /* Debug */ = {
			isa = XCBuildConfiguration;
			buildSettings = {
				ALWAYS_SEARCH_USER_PATHS = NO;
				CLANG_ANALYZER_NONNULL = YES;
				CLANG_ANALYZER_NUMBER_OBJECT_CONVERSION = YES_AGGRESSIVE;
				CLANG_CXX_LANGUAGE_STANDARD = "gnu++14";
				CLANG_CXX_LIBRARY = "libc++";
				CLANG_ENABLE_MODULES = YES;
				CLANG_ENABLE_OBJC_ARC = YES;
				CLANG_ENABLE_OBJC_WEAK = YES;
				CLANG_WARN_BLOCK_CAPTURE_AUTORELEASING = YES;
				CLANG_WARN_BOOL_CONVERSION = YES;
				CLANG_WARN_COMMA = YES;
				CLANG_WARN_CONSTANT_CONVERSION = YES;
				CLANG_WARN_DEPRECATED_OBJC_IMPLEMENTATIONS = YES;
				CLANG_WARN_DIRECT_OBJC_ISA_USAGE = YES_ERROR;
				CLANG_WARN_DOCUMENTATION_COMMENTS = YES;
				CLANG_WARN_EMPTY_BODY = YES;
				CLANG_WARN_ENUM_CONVERSION = YES;
				CLANG_WARN_INFINITE_RECURSION = YES;
				CLANG_WARN_INT_CONVERSION = YES;
				CLANG_WARN_NON_LITERAL_NULL_CONVERSION = YES;
				CLANG_WARN_OBJC_IMPLICIT_RETAIN_SELF = YES;
				CLANG_WARN_OBJC_LITERAL_CONVERSION = YES;
				CLANG_WARN_OBJC_ROOT_CLASS = YES_ERROR;
				CLANG_WARN_QUOTED_INCLUDE_IN_FRAMEWORK_HEADER = YES;
				CLANG_WARN_RANGE_LOOP_ANALYSIS = YES;
				CLANG_WARN_STRICT_PROTOTYPES = YES;
				CLANG_WARN_SUSPICIOUS_MOVE = YES;
				CLANG_WARN_UNGUARDED_AVAILABILITY = YES_AGGRESSIVE;
				CLANG_WARN_UNREACHABLE_CODE = YES;
				CLANG_WARN__DUPLICATE_METHOD_MATCH = YES;
				COPY_PHASE_STRIP = NO;
				DEBUG_INFORMATION_FORMAT = dwarf;
				ENABLE_STRICT_OBJC_MSGSEND = YES;
				ENABLE_TESTABILITY = YES;
				GCC_C_LANGUAGE_STANDARD = gnu11;
				GCC_DYNAMIC_NO_PIC = NO;
				GCC_NO_COMMON_BLOCKS = YES;
				GCC_OPTIMIZATION_LEVEL = 0;
				GCC_PREPROCESSOR_DEFINITIONS = (
					"DEBUG=1",
					"$(inherited)",
				);
				GCC_WARN_64_TO_32_BIT_CONVERSION = YES;
				GCC_WARN_ABOUT_RETURN_TYPE = YES_ERROR;
				GCC_WARN_UNDECLARED_SELECTOR = YES;
				GCC_WARN_UNINITIALIZED_AUTOS = YES_AGGRESSIVE;
				GCC_WARN_UNUSED_FUNCTION = YES;
				GCC_WARN_UNUSED_VARIABLE = YES;
				IPHONEOS_DEPLOYMENT_TARGET = 15.0;
				MTL_ENABLE_DEBUG_INFO = INCLUDE_SOURCE;
				MTL_FAST_MATH = YES;
				ONLY_ACTIVE_ARCH = YES;
				SDKROOT = iphoneos;
				SWIFT_ACTIVE_COMPILATION_CONDITIONS = DEBUG;
				SWIFT_OPTIMIZATION_LEVEL = "-Onone";
				SWIFT_VERSION = 5.0;
			};
			name = Debug;
		};
		76E0651F23CA9C6E007E18C1 /* Release */ = {
			isa = XCBuildConfiguration;
			buildSettings = {
				ALWAYS_SEARCH_USER_PATHS = NO;
				CLANG_ANALYZER_NONNULL = YES;
				CLANG_ANALYZER_NUMBER_OBJECT_CONVERSION = YES_AGGRESSIVE;
				CLANG_CXX_LANGUAGE_STANDARD = "gnu++14";
				CLANG_CXX_LIBRARY = "libc++";
				CLANG_ENABLE_MODULES = YES;
				CLANG_ENABLE_OBJC_ARC = YES;
				CLANG_ENABLE_OBJC_WEAK = YES;
				CLANG_WARN_BLOCK_CAPTURE_AUTORELEASING = YES;
				CLANG_WARN_BOOL_CONVERSION = YES;
				CLANG_WARN_COMMA = YES;
				CLANG_WARN_CONSTANT_CONVERSION = YES;
				CLANG_WARN_DEPRECATED_OBJC_IMPLEMENTATIONS = YES;
				CLANG_WARN_DIRECT_OBJC_ISA_USAGE = YES_ERROR;
				CLANG_WARN_DOCUMENTATION_COMMENTS = YES;
				CLANG_WARN_EMPTY_BODY = YES;
				CLANG_WARN_ENUM_CONVERSION = YES;
				CLANG_WARN_INFINITE_RECURSION = YES;
				CLANG_WARN_INT_CONVERSION = YES;
				CLANG_WARN_NON_LITERAL_NULL_CONVERSION = YES;
				CLANG_WARN_OBJC_IMPLICIT_RETAIN_SELF = YES;
				CLANG_WARN_OBJC_LITERAL_CONVERSION = YES;
				CLANG_WARN_OBJC_ROOT_CLASS = YES_ERROR;
				CLANG_WARN_QUOTED_INCLUDE_IN_FRAMEWORK_HEADER = YES;
				CLANG_WARN_RANGE_LOOP_ANALYSIS = YES;
				CLANG_WARN_STRICT_PROTOTYPES = YES;
				CLANG_WARN_SUSPICIOUS_MOVE = YES;
				CLANG_WARN_UNGUARDED_AVAILABILITY = YES_AGGRESSIVE;
				CLANG_WARN_UNREACHABLE_CODE = YES;
				CLANG_WARN__DUPLICATE_METHOD_MATCH = YES;
				COPY_PHASE_STRIP = NO;
				DEBUG_INFORMATION_FORMAT = "dwarf-with-dsym";
				ENABLE_NS_ASSERTIONS = NO;
				ENABLE_STRICT_OBJC_MSGSEND = YES;
				GCC_C_LANGUAGE_STANDARD = gnu11;
				GCC_NO_COMMON_BLOCKS = YES;
				GCC_WARN_64_TO_32_BIT_CONVERSION = YES;
				GCC_WARN_ABOUT_RETURN_TYPE = YES_ERROR;
				GCC_WARN_UNDECLARED_SELECTOR = YES;
				GCC_WARN_UNINITIALIZED_AUTOS = YES_AGGRESSIVE;
				GCC_WARN_UNUSED_FUNCTION = YES;
				GCC_WARN_UNUSED_VARIABLE = YES;
				IPHONEOS_DEPLOYMENT_TARGET = 15.0;
				MTL_ENABLE_DEBUG_INFO = NO;
				MTL_FAST_MATH = YES;
				SDKROOT = iphoneos;
				SWIFT_COMPILATION_MODE = wholemodule;
				SWIFT_OPTIMIZATION_LEVEL = "-O";
				SWIFT_VERSION = 5.0;
				VALIDATE_PRODUCT = YES;
			};
			name = Release;
		};
		76E0652123CA9C6E007E18C1 /* Debug */ = {
			isa = XCBuildConfiguration;
			buildSettings = {
				ASSETCATALOG_COMPILER_APPICON_NAME = AppIcon;
				ASSETCATALOG_COMPILER_INCLUDE_ALL_APPICON_ASSETS = YES;
				CODE_SIGN_STYLE = Automatic;
				CURRENT_PROJECT_VERSION = 2;
				DEVELOPMENT_ASSET_PATHS = "\"DhammaTalks/Preview Content\"";
				DEVELOPMENT_TEAM = QF6M4CC7RV;
				ENABLE_PREVIEWS = YES;
				INFOPLIST_FILE = DhammaTalks/Info.plist;
				LD_RUNPATH_SEARCH_PATHS = (
					"$(inherited)",
					"@executable_path/Frameworks",
				);
				MARKETING_VERSION = 0.2.0;
				PRODUCT_BUNDLE_IDENTIFIER = com.bparousis.DhammaTalks;
				PRODUCT_NAME = "$(TARGET_NAME)";
				SWIFT_VERSION = 5.0;
				TARGETED_DEVICE_FAMILY = "1,2";
			};
			name = Debug;
		};
		76E0652223CA9C6E007E18C1 /* Release */ = {
			isa = XCBuildConfiguration;
			buildSettings = {
				ASSETCATALOG_COMPILER_APPICON_NAME = AppIcon;
				ASSETCATALOG_COMPILER_INCLUDE_ALL_APPICON_ASSETS = YES;
				CODE_SIGN_STYLE = Automatic;
				CURRENT_PROJECT_VERSION = 2;
				DEVELOPMENT_ASSET_PATHS = "\"DhammaTalks/Preview Content\"";
				DEVELOPMENT_TEAM = QF6M4CC7RV;
				ENABLE_PREVIEWS = YES;
				INFOPLIST_FILE = DhammaTalks/Info.plist;
				LD_RUNPATH_SEARCH_PATHS = (
					"$(inherited)",
					"@executable_path/Frameworks",
				);
				MARKETING_VERSION = 0.2.0;
				PRODUCT_BUNDLE_IDENTIFIER = com.bparousis.DhammaTalks;
				PRODUCT_NAME = "$(TARGET_NAME)";
				SWIFT_VERSION = 5.0;
				TARGETED_DEVICE_FAMILY = "1,2";
			};
			name = Release;
		};
		76E0652423CA9C6E007E18C1 /* Debug */ = {
			isa = XCBuildConfiguration;
			buildSettings = {
				ALWAYS_EMBED_SWIFT_STANDARD_LIBRARIES = YES;
				BUNDLE_LOADER = "$(TEST_HOST)";
				CODE_SIGN_STYLE = Automatic;
				DEVELOPMENT_TEAM = QF6M4CC7RV;
				INFOPLIST_FILE = DhammaTalksTests/Info.plist;
				IPHONEOS_DEPLOYMENT_TARGET = 15.0;
				LD_RUNPATH_SEARCH_PATHS = (
					"$(inherited)",
					"@executable_path/Frameworks",
					"@loader_path/Frameworks",
				);
				PRODUCT_BUNDLE_IDENTIFIER = com.bparousis.DhammaTalksTests;
				PRODUCT_NAME = "$(TARGET_NAME)";
				SWIFT_VERSION = 5.0;
				TARGETED_DEVICE_FAMILY = "1,2";
				TEST_HOST = "$(BUILT_PRODUCTS_DIR)/DhammaTalks.app/DhammaTalks";
			};
			name = Debug;
		};
		76E0652523CA9C6E007E18C1 /* Release */ = {
			isa = XCBuildConfiguration;
			buildSettings = {
				ALWAYS_EMBED_SWIFT_STANDARD_LIBRARIES = YES;
				BUNDLE_LOADER = "$(TEST_HOST)";
				CODE_SIGN_STYLE = Automatic;
				DEVELOPMENT_TEAM = QF6M4CC7RV;
				INFOPLIST_FILE = DhammaTalksTests/Info.plist;
				IPHONEOS_DEPLOYMENT_TARGET = 15.0;
				LD_RUNPATH_SEARCH_PATHS = (
					"$(inherited)",
					"@executable_path/Frameworks",
					"@loader_path/Frameworks",
				);
				PRODUCT_BUNDLE_IDENTIFIER = com.bparousis.DhammaTalksTests;
				PRODUCT_NAME = "$(TARGET_NAME)";
				SWIFT_VERSION = 5.0;
				TARGETED_DEVICE_FAMILY = "1,2";
				TEST_HOST = "$(BUILT_PRODUCTS_DIR)/DhammaTalks.app/DhammaTalks";
			};
			name = Release;
		};
		76E0652723CA9C6E007E18C1 /* Debug */ = {
			isa = XCBuildConfiguration;
			buildSettings = {
				ALWAYS_EMBED_SWIFT_STANDARD_LIBRARIES = YES;
				CODE_SIGN_STYLE = Automatic;
				DEVELOPMENT_TEAM = QF6M4CC7RV;
				INFOPLIST_FILE = DhammaTalksUITests/Info.plist;
				LD_RUNPATH_SEARCH_PATHS = (
					"$(inherited)",
					"@executable_path/Frameworks",
					"@loader_path/Frameworks",
				);
				PRODUCT_BUNDLE_IDENTIFIER = com.bparousis.DhammaTalksUITests;
				PRODUCT_NAME = "$(TARGET_NAME)";
				SWIFT_VERSION = 5.0;
				TARGETED_DEVICE_FAMILY = "1,2";
				TEST_TARGET_NAME = DhammaTalks;
			};
			name = Debug;
		};
		76E0652823CA9C6E007E18C1 /* Release */ = {
			isa = XCBuildConfiguration;
			buildSettings = {
				ALWAYS_EMBED_SWIFT_STANDARD_LIBRARIES = YES;
				CODE_SIGN_STYLE = Automatic;
				DEVELOPMENT_TEAM = QF6M4CC7RV;
				INFOPLIST_FILE = DhammaTalksUITests/Info.plist;
				LD_RUNPATH_SEARCH_PATHS = (
					"$(inherited)",
					"@executable_path/Frameworks",
					"@loader_path/Frameworks",
				);
				PRODUCT_BUNDLE_IDENTIFIER = com.bparousis.DhammaTalksUITests;
				PRODUCT_NAME = "$(TARGET_NAME)";
				SWIFT_VERSION = 5.0;
				TARGETED_DEVICE_FAMILY = "1,2";
				TEST_TARGET_NAME = DhammaTalks;
			};
			name = Release;
		};
/* End XCBuildConfiguration section */

/* Begin XCConfigurationList section */
		76E064EE23CA9C6C007E18C1 /* Build configuration list for PBXProject "DhammaTalks" */ = {
			isa = XCConfigurationList;
			buildConfigurations = (
				76E0651E23CA9C6E007E18C1 /* Debug */,
				76E0651F23CA9C6E007E18C1 /* Release */,
			);
			defaultConfigurationIsVisible = 0;
			defaultConfigurationName = Release;
		};
		76E0652023CA9C6E007E18C1 /* Build configuration list for PBXNativeTarget "DhammaTalks" */ = {
			isa = XCConfigurationList;
			buildConfigurations = (
				76E0652123CA9C6E007E18C1 /* Debug */,
				76E0652223CA9C6E007E18C1 /* Release */,
			);
			defaultConfigurationIsVisible = 0;
			defaultConfigurationName = Release;
		};
		76E0652323CA9C6E007E18C1 /* Build configuration list for PBXNativeTarget "DhammaTalksTests" */ = {
			isa = XCConfigurationList;
			buildConfigurations = (
				76E0652423CA9C6E007E18C1 /* Debug */,
				76E0652523CA9C6E007E18C1 /* Release */,
			);
			defaultConfigurationIsVisible = 0;
			defaultConfigurationName = Release;
		};
		76E0652623CA9C6E007E18C1 /* Build configuration list for PBXNativeTarget "DhammaTalksUITests" */ = {
			isa = XCConfigurationList;
			buildConfigurations = (
				76E0652723CA9C6E007E18C1 /* Debug */,
				76E0652823CA9C6E007E18C1 /* Release */,
			);
			defaultConfigurationIsVisible = 0;
			defaultConfigurationName = Release;
		};
/* End XCConfigurationList section */

/* Begin XCRemoteSwiftPackageReference section */
		76E0652923CA9E17007E18C1 /* XCRemoteSwiftPackageReference "SwiftSoup" */ = {
			isa = XCRemoteSwiftPackageReference;
			repositoryURL = "https://github.com/scinfu/SwiftSoup.git";
			requirement = {
				kind = upToNextMajorVersion;
				minimumVersion = 2.3.0;
			};
		};
/* End XCRemoteSwiftPackageReference section */

/* Begin XCSwiftPackageProductDependency section */
		76E0652A23CA9E17007E18C1 /* SwiftSoup */ = {
			isa = XCSwiftPackageProductDependency;
			package = 76E0652923CA9E17007E18C1 /* XCRemoteSwiftPackageReference "SwiftSoup" */;
			productName = SwiftSoup;
		};
/* End XCSwiftPackageProductDependency section */

/* Begin XCVersionGroup section */
		76E064FA23CA9C6C007E18C1 /* DhammaTalks.xcdatamodeld */ = {
			isa = XCVersionGroup;
			children = (
				76E064FB23CA9C6C007E18C1 /* DhammaTalks.xcdatamodel */,
			);
			currentVersion = 76E064FB23CA9C6C007E18C1 /* DhammaTalks.xcdatamodel */;
			path = DhammaTalks.xcdatamodeld;
			sourceTree = "<group>";
			versionGroupType = wrapper.xcdatamodel;
		};
/* End XCVersionGroup section */
	};
	rootObject = 76E064EB23CA9C6C007E18C1 /* Project object */;
}
